
Microsoft Visual Studio Solution File, Format Version 12.00
# Visual Studio 15
Project("{FAE04EC0-301F-11D3-BF4B-00C04F79EFBC}") = "PictoWord", "PictoWord.csproj", "{BF2C03EF-3663-B81A-CFBF-33A4D80814C7}"
EndProject
Project("{FAE04EC0-301F-11D3-BF4B-00C04F79EFBC}") = "PictoWord.Editor", "PictoWord.Editor.csproj", "{A63A68B6-1DA8-F817-8C74-3068B0ED764C}"
EndProject
Global
	GlobalSection(SolutionConfigurationPlatforms) = preSolution
		Debug|Any CPU = Debug|Any CPU
		Release|Any CPU = Release|Any CPU
	EndGlobalSection
	GlobalSection(ProjectConfigurationPlatforms) = postSolution
		{BF2C03EF-3663-B81A-CFBF-33A4D80814C7}.Debug|Any CPU.ActiveCfg = Debug|Any CPU
		{BF2C03EF-3663-B81A-CFBF-33A4D80814C7}.Debug|Any CPU.Build.0 = Debug|Any CPU
		{BF2C03EF-3663-B81A-CFBF-33A4D80814C7}.Release|Any CPU.ActiveCfg = Release|Any CPU
		{BF2C03EF-3663-B81A-CFBF-33A4D80814C7}.Release|Any CPU.Build.0 = Release|Any CPU
		{A63A68B6-1DA8-F817-8C74-3068B0ED764C}.Debug|Any CPU.ActiveCfg = Debug|Any CPU
		{A63A68B6-1DA8-F817-8C74-3068B0ED764C}.Debug|Any CPU.Build.0 = Debug|Any CPU
		{A63A68B6-1DA8-F817-8C74-3068B0ED764C}.Release|Any CPU.ActiveCfg = Release|Any CPU
		{A63A68B6-1DA8-F817-8C74-3068B0ED764C}.Release|Any CPU.Build.0 = Release|Any CPU
	EndGlobalSection
	GlobalSection(SolutionProperties) = preSolution
		HideSolutionNode = FALSE
	EndGlobalSection
EndGlobal
