
Microsoft Visual Studio Solution File, Format Version 11.00
# Visual Studio 2010
Project("{FAE04EC0-301F-11D3-BF4B-00C04F79EFBC}") = "PictoWord Idiom", "Assembly-CSharp.csproj", "{A498B4EB-2E33-DD55-8DCC-578CFB757767}"
EndProject
Project("{FAE04EC0-301F-11D3-BF4B-00C04F79EFBC}") = "PictoWord Idiom", "Assembly-CSharp-Editor.csproj", "{3271468C-0A4A-7C5A-169C-009FD6ACF7D3}"
EndProject
Global
	GlobalSection(SolutionConfigurationPlatforms) = preSolution
		Debug|Any CPU = Debug|Any CPU
		Release|Any CPU = Release|Any CPU
	EndGlobalSection
	GlobalSection(ProjectConfigurationPlatforms) = postSolution
		{A498B4EB-2E33-DD55-8DCC-578CFB757767}.Debug|Any CPU.ActiveCfg = Debug|Any CPU
		{A498B4EB-2E33-DD55-8DCC-578CFB757767}.Debug|Any CPU.Build.0 = Debug|Any CPU
		{A498B4EB-2E33-DD55-8DCC-578CFB757767}.Release|Any CPU.ActiveCfg = Release|Any CPU
		{A498B4EB-2E33-DD55-8DCC-578CFB757767}.Release|Any CPU.Build.0 = Release|Any CPU
		{3271468C-0A4A-7C5A-169C-009FD6ACF7D3}.Debug|Any CPU.ActiveCfg = Debug|Any CPU
		{3271468C-0A4A-7C5A-169C-009FD6ACF7D3}.Debug|Any CPU.Build.0 = Debug|Any CPU
		{3271468C-0A4A-7C5A-169C-009FD6ACF7D3}.Release|Any CPU.ActiveCfg = Release|Any CPU
		{3271468C-0A4A-7C5A-169C-009FD6ACF7D3}.Release|Any CPU.Build.0 = Release|Any CPU
	EndGlobalSection
	GlobalSection(SolutionProperties) = preSolution
		HideSolutionNode = FALSE
	EndGlobalSection
	GlobalSection(MonoDevelopProperties) = preSolution
		StartupItem = Assembly-CSharp.csproj
	EndGlobalSection
EndGlobal
